github.com/cabify/go-logging v0.0.0-20180611105630-27144f59cf16/go.mod h1:L1iMPrfTYjq6c/0RCSIB8RRn8u3M8OJAZOPFtaGUUTo=
github.com/cabify/redsync/v2 v2.0.0/go.mod h1:RN7YnE5u7bHEtBqtwUTzBYcZzNby88Ra6fPYy4xocLk=
github.com/davecgh/go-spew v1.1.0/go.mod h1:J7Y8YcW2NihsgmVo/mv3lAwl/skON4iLHjSsI+c5H38=
github.com/davecgh/go-spew v1.1.1 h1:vj9j/u1bqnvCEfJOwUhtlOARqs3+rkHYY13jYWTU97c=
github.com/davecgh/go-spew v1.1.1/go.mod h1:J7Y8YcW2NihsgmVo/mv3lAwl/skON4iLHjSsI+c5H38=
github.com/gofrs/uuid/v3 v3.1.2/go.mod h1:xPwMqoocQ1L5G6pXX5BcE7N5jlzn2o19oqAKxwZW/kI=
github.com/gomodule/redigo v2.0.0+incompatible h1:K/R+8tc58AaqLkqG2Ol3Qk+DR/TlNuhuh457pBFPtt0=
github.com/gomodule/redigo v2.0.0+incompatible/go.mod h1:B4C85qUVwatsJoIUNIfCRsp7qO0iAmpGFZ4EELWSbC4=
github.com/hashicorp/errwrap v1.0.0/go.mod h1:YH+1FKiLXxHSkmPseP+kNlulaMuP3n2brvKWEqk/Jc4=
github.com/hashicorp/go-multierror v1.0.0/go.mod h1:dHtQlpGsu+cZNNAkkCN/P3hoUDHhCYQXV3UM06sGGrk=
github.com/mattn/go-isatty v0.0.4/go.mod h1:M+lRXTBqGeGNdLjl/ufCoiOlB5xdOkqRJdNxMWT7Zi4=
github.com/pmezard/go-difflib v1.0.0 h1:4DBwDE0NGyQoBHbLQYPwSUPoCMWR5BEzIk/f1lZbAQM=
github.com/pmezard/go-difflib v1.0.0/go.mod h1:iKH77koFhYxTK1pcRnkKkqfTogsbg7gZNVY4sRDYZ/4=
github.com/stretchr/objx v0.1.0/go.mod h1:HFkY916IF+rwdDfMAkV7OtwuqBVzrE8GR6GFx+wExME=
github.com/stretchr/objx v0.1.1 h1:2vfRuCMp5sSVIDSqO8oNnWJq7mPa6KVP3iPIwFBuy8A=
github.com/stretchr/objx v0.1.1/go.mod h1:HFkY916IF+rwdDfMAkV7OtwuqBVzrE8GR6GFx+wExME=
github.com/stretchr/testify v1.2.2/go.mod h1:a8OnRcib4nhh0OaRAV+Yts87kKdq0PP7pXfy6kDkUVs=
github.com/stretchr/testify v1.3.0 h1:TivCn/peBQ7UY8ooIcPgZFpTNSz0Q2U6UrFlUfqbe0Q=
github.com/stretchr/testify v1.3.0/go.mod h1:M5WIy9Dh21IEIfnGCwXGc5bZfKNJtfHm1UVUgZn+9EI=
github.com/stvp/tempredis v0.0.0-20181119212430-b82af8480203 h1:QVqDTf3h2WHt08YuiTGPZLls0Wq99X9bWd0Q5ZSBesM=
github.com/stvp/tempredis v0.0.0-20181119212430-b82af8480203/go.mod h1:oqN97ltKNihBbwlX8dLpwxCl3+HnXKV/R0e+sRLd9C8=
gitlab.otters.xyz/product/journey/library/redsyncx.git v1.0.0 h1:3sUW2g1iNAkbG5P2imZW25VJ33FimT/lQa0QvUExoes=
gitlab.otters.xyz/product/journey/library/redsyncx.git v1.0.0/go.mod h1:BgRdNuXNMIRW3heMsU7ereN5ryZJapf6qfY3iLzzKlA=
gitlab.otters.xyz/product/journey/timex.git v1.0.0 h1:XiA8Pl0Rl1Tzn+QJWZtZxP3aoWSxfZnM/Qfw+R58Uq4=
gitlab.otters.xyz/product/journey/timex.git v1.0.0/go.mod h1:f2kwMxmSHZfeqyijZhbYbTAMgBctJ5eKuJ0tL7JwZJY=
gitlab.otters.xyz/product/match/library/gox.git v1.1.0 h1:nueQNwtuuWfkD+ns97E4dt7Y/1Dx8qi4XF7584w9B58=
gitlab.otters.xyz/product/match/library/gox.git v1.1.0/go.mod h1:CNNYDv1wPXkCdVpkyfvhZZhVrhwsWKJTie0QZKi56FQ=
gitlab.otters.xyz/product/match/panicx.git v1.2.0/go.mod h1:/QdGomgb3pb2wCtlzGQLMy4Er/5QrYugoOEwcnf+ZcE=
golang.org/x/sys v0.0.0-20181218192612-074acd46bca6/go.mod h1:STP8DvDyc/dI5b8T5hshtkjS+E42TnysNCUPdjciGhY=
